
Microsoft Visual Studio Solution File, Format Version 12.00
# Visual Studio Version 17
VisualStudioVersion = 17.10.35004.147
MinimumVisualStudioVersion = 10.0.40219.1
Project("{FAE04EC0-301F-11D3-BF4B-00C04F79EFBC}") = "PRELIM_LAB3_BSIT31A3_PIERREBENEDICT_DECASTRO", "PRELIM_LAB3_BSIT31A3_PIERREBENEDICT_DECASTRO.csproj", "{AA83D483-83AC-444C-B6E8-3380AE5C1F1C}"
EndProject
Global
	GlobalSection(SolutionConfigurationPlatforms) = preSolution
		Debug|Any CPU = Debug|Any CPU
		Release|Any CPU = Release|Any CPU
	EndGlobalSection
	GlobalSection(ProjectConfigurationPlatforms) = postSolution
		{AA83D483-83AC-444C-B6E8-3380AE5C1F1C}.Debug|Any CPU.ActiveCfg = Debug|Any CPU
		{AA83D483-83AC-444C-B6E8-3380AE5C1F1C}.Debug|Any CPU.Build.0 = Debug|Any CPU
		{AA83D483-83AC-444C-B6E8-3380AE5C1F1C}.Release|Any CPU.ActiveCfg = Release|Any CPU
		{AA83D483-83AC-444C-B6E8-3380AE5C1F1C}.Release|Any CPU.Build.0 = Release|Any CPU
	EndGlobalSection
	GlobalSection(SolutionProperties) = preSolution
		HideSolutionNode = FALSE
	EndGlobalSection
	GlobalSection(ExtensibilityGlobals) = postSolution
		SolutionGuid = {1603971D-98F8-464D-82C3-56F71A9B1BC5}
	EndGlobalSection
EndGlobal
